PODS:
  - lottie-ios (4.5.0)
  - onnxruntime-c (1.16.3)
  - onnxruntime-objc (1.16.3):
    - onnxruntime-objc/Core (= 1.16.3)
  - onnxruntime-objc/Core (1.16.3):
    - onnxruntime-c (= 1.16.3)
  - Realm (20.0.1):
    - Realm/Headers (= 20.0.1)
  - Realm/Headers (20.0.1)
  - RealmSwift (20.0.1):
    - Realm (= 20.0.1)
  - RxCocoa (6.8.0):
    - RxRelay (= 6.8.0)
    - RxSwift (= 6.8.0)
  - RxRelay (6.8.0):
    - RxSwift (= 6.8.0)
  - RxSwift (6.8.0)
  - WebBrowser (0.1.5)

DEPENDENCIES:
  - lottie-ios
  - onnxruntime-objc (~> 1.16.0)
  - RealmSwift
  - RxCocoa
  - RxSwift
  - WebBrowser

SPEC REPOS:
  trunk:
    - lottie-ios
    - onnxruntime-c
    - onnxruntime-objc
    - Realm
    - RealmSwift
    - RxCocoa
    - RxRelay
    - RxSwift
    - WebBrowser

SPEC CHECKSUMS:
  lottie-ios: a881093fab623c467d3bce374367755c272bdd59
  onnxruntime-c: 74e86835396f767f56835ea44cfe7630d8e58a4b
  onnxruntime-objc: 67a7633965d57f9648a0c7cc858d32c5c6b414f4
  Realm: 9572204903ef28caeb3c03bb30c1147f354ee3e7
  RealmSwift: d230b44017a55a1ba97de6a944da1fe3bedb92b5
  RxCocoa: 2d33c1e1e5d66492052ad46b11024ae287572880
  RxRelay: 335c78b926a2aea8d863a6d25f1ed3b5ad8e8705
  RxSwift: 4e28be97cbcfeee614af26d83415febbf2bf6f45
  WebBrowser: 0248873c77f54e2ac504ece7c2bc8eeb710b5a4f

PODFILE CHECKSUM: 42fbf09a6abc31b2d28988301af31e7519b9e74f

COCOAPODS: 1.16.2
